
Microsoft Visual Studio Solution File, Format Version 12.00
# Visual Studio Version 17
VisualStudioVersion = 17.9.34902.65
MinimumVisualStudioVersion = 10.0.40219.1
Project("{2150E333-8FDC-42A3-9474-1A3956D46DE8}") = "Solution Items", "Solution Items", "{1470D646-9A57-4775-B238-C16B18F3DED7}"
	ProjectSection(SolutionItems) = preProject
		.editorconfig = .editorconfig
		Directory.Build.props = Directory.Build.props
	EndProjectSection
EndProject
Project("{2150E333-8FDC-42A3-9474-1A3956D46DE8}") = "src", "src", "{3444D56B-3943-4D63-874F-CAF3D4206B8F}"
EndProject
Project("{2150E333-8FDC-42A3-9474-1A3956D46DE8}") = "API", "API", "{3F5AED4F-2C70-4FA8-A036-9BEE90150B58}"
EndProject
Project("{9A19103F-16F7-4668-BE54-9A1E7A4F7556}") = "Crowbond.Api", "src\API\Crowbond.Api\Crowbond.Api.csproj", "{2FA66389-A698-48C7-BF0A-EAE2707FC7C9}"
EndProject
Project("{E53339B2-1760-4266-BCC7-CA923CBCF16C}") = "docker-compose", "docker-compose.dcproj", "{C7CEA7B0-E9FF-4050-8D25-8E235CAC73A2}"
EndProject
Global
	GlobalSection(SolutionConfigurationPlatforms) = preSolution
		Debug|Any CPU = Debug|Any CPU
		Release|Any CPU = Release|Any CPU
	EndGlobalSection
	GlobalSection(ProjectConfigurationPlatforms) = postSolution
		{2FA66389-A698-48C7-BF0A-EAE2707FC7C9}.Debug|Any CPU.ActiveCfg = Debug|Any CPU
		{2FA66389-A698-48C7-BF0A-EAE2707FC7C9}.Debug|Any CPU.Build.0 = Debug|Any CPU
		{2FA66389-A698-48C7-BF0A-EAE2707FC7C9}.Release|Any CPU.ActiveCfg = Release|Any CPU
		{2FA66389-A698-48C7-BF0A-EAE2707FC7C9}.Release|Any CPU.Build.0 = Release|Any CPU
		{C7CEA7B0-E9FF-4050-8D25-8E235CAC73A2}.Debug|Any CPU.ActiveCfg = Debug|Any CPU
		{C7CEA7B0-E9FF-4050-8D25-8E235CAC73A2}.Debug|Any CPU.Build.0 = Debug|Any CPU
		{C7CEA7B0-E9FF-4050-8D25-8E235CAC73A2}.Release|Any CPU.ActiveCfg = Release|Any CPU
		{C7CEA7B0-E9FF-4050-8D25-8E235CAC73A2}.Release|Any CPU.Build.0 = Release|Any CPU
	EndGlobalSection
	GlobalSection(SolutionProperties) = preSolution
		HideSolutionNode = FALSE
	EndGlobalSection
	GlobalSection(NestedProjects) = preSolution
		{3F5AED4F-2C70-4FA8-A036-9BEE90150B58} = {3444D56B-3943-4D63-874F-CAF3D4206B8F}
		{2FA66389-A698-48C7-BF0A-EAE2707FC7C9} = {3F5AED4F-2C70-4FA8-A036-9BEE90150B58}
	EndGlobalSection
	GlobalSection(ExtensibilityGlobals) = postSolution
		SolutionGuid = {FF40D442-C986-4996-959C-8E76812648CE}
	EndGlobalSection
EndGlobal
